
Microsoft Visual Studio Solution File, Format Version 12.00
# Visual Studio Version 16
VisualStudioVersion = 16.0.31515.178
MinimumVisualStudioVersion = 10.0.40219.1
Project("{FAE04EC0-301F-11D3-BF4B-00C04F79EFBC}") = "AutoWatermark", "AutoWatermark\AutoWatermark.csproj", "{38747F0A-D652-4B4B-9C50-72B85BD17E62}"
EndProject
Global
	GlobalSection(SolutionConfigurationPlatforms) = preSolution
		Debug|Any CPU = Debug|Any CPU
		Release|Any CPU = Release|Any CPU
	EndGlobalSection
	GlobalSection(ProjectConfigurationPlatforms) = postSolution
		{38747F0A-D652-4B4B-9C50-72B85BD17E62}.Debug|Any CPU.ActiveCfg = Debug|Any CPU
		{38747F0A-D652-4B4B-9C50-72B85BD17E62}.Debug|Any CPU.Build.0 = Debug|Any CPU
		{38747F0A-D652-4B4B-9C50-72B85BD17E62}.Release|Any CPU.ActiveCfg = Release|Any CPU
		{38747F0A-D652-4B4B-9C50-72B85BD17E62}.Release|Any CPU.Build.0 = Release|Any CPU
	EndGlobalSection
	GlobalSection(SolutionProperties) = preSolution
		HideSolutionNode = FALSE
	EndGlobalSection
	GlobalSection(ExtensibilityGlobals) = postSolution
		SolutionGuid = {12EAFB13-C8C6-4FD2-A353-9EC97AE6CE2C}
	EndGlobalSection
EndGlobal
